
Microsoft Visual Studio Solution File, Format Version 12.00
# Visual Studio 2012
Project("{FAE04EC0-301F-11D3-BF4B-00C04F79EFBC}") = "Crawler", "Crawler\Crawler.csproj", "{025418E1-CF9C-43AC-9615-A44B4A60E4CB}"
EndProject
Project("{FAE04EC0-301F-11D3-BF4B-00C04F79EFBC}") = "Crawler.Service", "Crawler.Service\Crawler.Service.csproj", "{9C8BF82D-FF0D-4753-8A8D-EDF760241287}"
EndProject
Project("{FAE04EC0-301F-11D3-BF4B-00C04F79EFBC}") = "Crawler.Common", "Crawler.Common\Crawler.Common.csproj", "{7D777EBD-1D77-475C-8407-46F4CAF87BD8}"
EndProject
Project("{FAE04EC0-301F-11D3-BF4B-00C04F79EFBC}") = "Crawler.ServiceTest", "Crawler.ServiceTest\Crawler.ServiceTest.csproj", "{1AE03CB9-8BD0-4960-AB7E-43E76D7D2EE7}"
EndProject
Global
	GlobalSection(SolutionConfigurationPlatforms) = preSolution
		Debug|x86 = Debug|x86
		Release|x86 = Release|x86
	EndGlobalSection
	GlobalSection(ProjectConfigurationPlatforms) = postSolution
		{025418E1-CF9C-43AC-9615-A44B4A60E4CB}.Debug|x86.ActiveCfg = Debug|x86
		{025418E1-CF9C-43AC-9615-A44B4A60E4CB}.Debug|x86.Build.0 = Debug|x86
		{025418E1-CF9C-43AC-9615-A44B4A60E4CB}.Release|x86.ActiveCfg = Release|x86
		{025418E1-CF9C-43AC-9615-A44B4A60E4CB}.Release|x86.Build.0 = Release|x86
		{9C8BF82D-FF0D-4753-8A8D-EDF760241287}.Debug|x86.ActiveCfg = Debug|Any CPU
		{9C8BF82D-FF0D-4753-8A8D-EDF760241287}.Debug|x86.Build.0 = Debug|Any CPU
		{9C8BF82D-FF0D-4753-8A8D-EDF760241287}.Release|x86.ActiveCfg = Release|Any CPU
		{9C8BF82D-FF0D-4753-8A8D-EDF760241287}.Release|x86.Build.0 = Release|Any CPU
		{7D777EBD-1D77-475C-8407-46F4CAF87BD8}.Debug|x86.ActiveCfg = Debug|Any CPU
		{7D777EBD-1D77-475C-8407-46F4CAF87BD8}.Debug|x86.Build.0 = Debug|Any CPU
		{7D777EBD-1D77-475C-8407-46F4CAF87BD8}.Release|x86.ActiveCfg = Release|Any CPU
		{7D777EBD-1D77-475C-8407-46F4CAF87BD8}.Release|x86.Build.0 = Release|Any CPU
		{1AE03CB9-8BD0-4960-AB7E-43E76D7D2EE7}.Debug|x86.ActiveCfg = Debug|Any CPU
		{1AE03CB9-8BD0-4960-AB7E-43E76D7D2EE7}.Debug|x86.Build.0 = Debug|Any CPU
		{1AE03CB9-8BD0-4960-AB7E-43E76D7D2EE7}.Release|x86.ActiveCfg = Release|Any CPU
		{1AE03CB9-8BD0-4960-AB7E-43E76D7D2EE7}.Release|x86.Build.0 = Release|Any CPU
	EndGlobalSection
EndGlobal
